
Microsoft Visual Studio Solution File, Format Version 12.00
# Visual Studio Version 16
VisualStudioVersion = 16.0.30711.63
MinimumVisualStudioVersion = 10.0.40219.1
Project("{FAE04EC0-301F-11D3-BF4B-00C04F79EFBC}") = "Quan Li Nha Hang", "Quan Li Nha Hang\Quan Li Nha Hang.csproj", "{6BD91810-326E-4782-81DA-5D0942139580}"
EndProject
Global
	GlobalSection(SolutionConfigurationPlatforms) = preSolution
		Debug|Any CPU = Debug|Any CPU
		Release|Any CPU = Release|Any CPU
	EndGlobalSection
	GlobalSection(ProjectConfigurationPlatforms) = postSolution
		{6BD91810-326E-4782-81DA-5D0942139580}.Debug|Any CPU.ActiveCfg = Debug|Any CPU
		{6BD91810-326E-4782-81DA-5D0942139580}.Debug|Any CPU.Build.0 = Debug|Any CPU
		{6BD91810-326E-4782-81DA-5D0942139580}.Release|Any CPU.ActiveCfg = Release|Any CPU
		{6BD91810-326E-4782-81DA-5D0942139580}.Release|Any CPU.Build.0 = Release|Any CPU
	EndGlobalSection
	GlobalSection(SolutionProperties) = preSolution
		HideSolutionNode = FALSE
	EndGlobalSection
	GlobalSection(ExtensibilityGlobals) = postSolution
		SolutionGuid = {179D8617-013F-4949-80CB-3B361FBFE465}
	EndGlobalSection
EndGlobal
